
Microsoft Visual Studio Solution File, Format Version 12.00
# Visual Studio Version 17
VisualStudioVersion = 17.5.33516.290
MinimumVisualStudioVersion = 10.0.40219.1
Project("{FAE04EC0-301F-11D3-BF4B-00C04F79EFBC}") = "TopControl", "TopControl\TopControl.csproj", "{7A4440A2-9EC3-4221-88EC-191152649CD0}"
EndProject
Project("{FAE04EC0-301F-11D3-BF4B-00C04F79EFBC}") = "WpfUtil", "WpfUtil\WpfUtil.csproj", "{CE53FE14-2D59-443B-82FE-A5146E0EFF11}"
EndProject
Project("{FAE04EC0-301F-11D3-BF4B-00C04F79EFBC}") = "MathUtil", "MathUtil\MathUtil.csproj", "{D5ACFE54-67D3-46C0-83D1-9885CBD0169C}"
EndProject
Global
	GlobalSection(SolutionConfigurationPlatforms) = preSolution
		Debug|Any CPU = Debug|Any CPU
		Release|Any CPU = Release|Any CPU
	EndGlobalSection
	GlobalSection(ProjectConfigurationPlatforms) = postSolution
		{7A4440A2-9EC3-4221-88EC-191152649CD0}.Debug|Any CPU.ActiveCfg = Debug|Any CPU
		{7A4440A2-9EC3-4221-88EC-191152649CD0}.Debug|Any CPU.Build.0 = Debug|Any CPU
		{7A4440A2-9EC3-4221-88EC-191152649CD0}.Release|Any CPU.ActiveCfg = Release|Any CPU
		{7A4440A2-9EC3-4221-88EC-191152649CD0}.Release|Any CPU.Build.0 = Release|Any CPU
		{CE53FE14-2D59-443B-82FE-A5146E0EFF11}.Debug|Any CPU.ActiveCfg = Debug|Any CPU
		{CE53FE14-2D59-443B-82FE-A5146E0EFF11}.Debug|Any CPU.Build.0 = Debug|Any CPU
		{CE53FE14-2D59-443B-82FE-A5146E0EFF11}.Release|Any CPU.ActiveCfg = Release|Any CPU
		{CE53FE14-2D59-443B-82FE-A5146E0EFF11}.Release|Any CPU.Build.0 = Release|Any CPU
		{D5ACFE54-67D3-46C0-83D1-9885CBD0169C}.Debug|Any CPU.ActiveCfg = Debug|Any CPU
		{D5ACFE54-67D3-46C0-83D1-9885CBD0169C}.Debug|Any CPU.Build.0 = Debug|Any CPU
		{D5ACFE54-67D3-46C0-83D1-9885CBD0169C}.Release|Any CPU.ActiveCfg = Release|Any CPU
		{D5ACFE54-67D3-46C0-83D1-9885CBD0169C}.Release|Any CPU.Build.0 = Release|Any CPU
	EndGlobalSection
	GlobalSection(SolutionProperties) = preSolution
		HideSolutionNode = FALSE
	EndGlobalSection
	GlobalSection(ExtensibilityGlobals) = postSolution
		SolutionGuid = {D6AE111A-14B6-4AA5-BA85-1C2471DAB921}
	EndGlobalSection
EndGlobal
